<?xml version="1.0" encoding="utf-8"?>
<Project ToolsVersion="4.0" xmlns="http://schemas.microsoft.com/developer/msbuild/2003">
  <ItemGroup>
    <Filter Include="Core">
      <UniqueIdentifier>{2EB4837C-1AEB-840D-C3D7-6A10AFED000F}</UniqueIdentifier>
    </Filter>
  </ItemGroup>
  <ItemGroup>
    <ClInclude Include="src\Electro\Application.h">
      <Filter>Core</Filter>
    </ClInclude>
    <ClInclude Include="src\Electro\Core.h">
      <Filter>Core</Filter>
    </ClInclude>
    <ClInclude Include="src\Electro\EntryPoint.h">
      <Filter>Core</Filter>
    </ClInclude>
    <ClInclude Include="src\Electro\Log.h">
      <Filter>Core</Filter>
    </ClInclude>
    <ClInclude Include="src\Electro.h" />
    <ClInclude Include="src\Electro\Events\ApplicationEvent.h" />
    <ClInclude Include="src\Electro\Events\Event.h" />
    <ClInclude Include="src\Electro\Events\KeyEvent.h" />
    <ClInclude Include="src\Electro\Events\MouseEvent.h" />
  </ItemGroup>
  <ItemGroup>
    <ClCompile Include="src\Electro\Application.cpp">
      <Filter>Core</Filter>
    </ClCompile>
    <ClCompile Include="src\Electro\Log.cpp">
      <Filter>Core</Filter>
    </ClCompile>
  </ItemGroup>
</Project>