<?xml version="1.0" encoding="utf-8"?>
<Project ToolsVersion="4.0" xmlns="http://schemas.microsoft.com/developer/msbuild/2003">
  <ItemGroup>
    <Filter Include="Electro">
      <UniqueIdentifier>{53127BC6-BFF1-F961-C809-8538346860C3}</UniqueIdentifier>
    </Filter>
    <Filter Include="Electro\Core">
      <UniqueIdentifier>{8BA24BCD-7705-DB71-208B-13280CCDA6F4}</UniqueIdentifier>
    </Filter>
    <Filter Include="Electro\Core\OS">
      <UniqueIdentifier>{1C6D8D26-88F8-FAEA-9109-7EDFFD1357EB}</UniqueIdentifier>
    </Filter>
    <Filter Include="Electro\Events">
      <UniqueIdentifier>{D782E053-C350-D459-ACE4-44809851B0BE}</UniqueIdentifier>
    </Filter>
    <Filter Include="Electro\ImGui">
      <UniqueIdentifier>{BDB92A77-297A-A6AD-F2B4-EF2A5E34EB89}</UniqueIdentifier>
    </Filter>
    <Filter Include="Electro\Platform">
      <UniqueIdentifier>{079C2AEA-F394-493C-1CC7-2EC1081F2948}</UniqueIdentifier>
    </Filter>
    <Filter Include="Electro\Platform\Windows">
      <UniqueIdentifier>{415D7BFE-2D82-CA7E-56CD-AF0E4251C99C}</UniqueIdentifier>
    </Filter>
  </ItemGroup>
  <ItemGroup>
    <ClInclude Include="src\Electro.h" />
    <ClInclude Include="src\Electro\Core\Application.h">
      <Filter>Electro\Core</Filter>
    </ClInclude>
    <ClInclude Include="src\Electro\Core\Core.h">
      <Filter>Electro\Core</Filter>
    </ClInclude>
    <ClInclude Include="src\Electro\Core\EntryPoint.h">
      <Filter>Electro\Core</Filter>
    </ClInclude>
    <ClInclude Include="src\Electro\Core\Layer.h">
      <Filter>Electro\Core</Filter>
    </ClInclude>
    <ClInclude Include="src\Electro\Core\LayerStack.h">
      <Filter>Electro\Core</Filter>
    </ClInclude>
    <ClInclude Include="src\Electro\Core\OS\Input.h">
      <Filter>Electro\Core\OS</Filter>
    </ClInclude>
    <ClInclude Include="src\Electro\Core\OS\KeyCode.h">
      <Filter>Electro\Core\OS</Filter>
    </ClInclude>
    <ClInclude Include="src\Electro\Core\OS\Mouse.h">
      <Filter>Electro\Core\OS</Filter>
    </ClInclude>
    <ClInclude Include="src\Electro\Core\OS\Window.h">
      <Filter>Electro\Core\OS</Filter>
    </ClInclude>
    <ClInclude Include="src\Electro\Events\ApplicationEvent.h">
      <Filter>Electro\Events</Filter>
    </ClInclude>
    <ClInclude Include="src\Electro\Events\Event.h">
      <Filter>Electro\Events</Filter>
    </ClInclude>
    <ClInclude Include="src\Electro\Events\KeyEvent.h">
      <Filter>Electro\Events</Filter>
    </ClInclude>
    <ClInclude Include="src\Electro\Events\MouseEvent.h">
      <Filter>Electro\Events</Filter>
    </ClInclude>
    <ClInclude Include="src\Electro\ImGui\ImGuiLayer.h">
      <Filter>Electro\ImGui</Filter>
    </ClInclude>
    <ClInclude Include="src\Electro\Log.h">
      <Filter>Electro</Filter>
    </ClInclude>
    <ClInclude Include="src\Electro\Platform\Windows\WindowsInput.h">
      <Filter>Electro\Platform\Windows</Filter>
    </ClInclude>
    <ClInclude Include="src\Electro\Platform\Windows\WindowsWindow.h">
      <Filter>Electro\Platform\Windows</Filter>
    </ClInclude>
    <ClInclude Include="src\elpch.h" />
    <ClInclude Include="src\Electro\Drivers\OpenGL\OpenGLContext.h" />
    <ClInclude Include="src\Electro\Platform\Windows\WindowsOpenGLContext.h" />
    <ClInclude Include="src\Electro\Servers\Renderer\Renderer.h" />
    <ClInclude Include="src\Electro\Drivers\OpenGL\OpenGLRenderer.h" />
    <ClInclude Include="src\Electro\Core\Math\Math.h" />
    <ClInclude Include="src\Electro\Core\Math\Vector2.h" />
    <ClInclude Include="src\Electro\Core\Math\Vector3.h" />
    <ClInclude Include="src\Electro\Core\Math\Quaternion.h" />
    <ClInclude Include="src\Electro\Core\Math\Matrix4x4.h" />
    <ClInclude Include="src\Electro\Core\Math\Matrix3x3.h" />
    <ClInclude Include="src\Electro\Core\Math\SimpleVec.h" />
    <ClInclude Include="src\Electro\Core\Math\fdecl.h" />
  </ItemGroup>
  <ItemGroup>
    <ClCompile Include="src\Electro\Core\Application.cpp">
      <Filter>Electro\Core</Filter>
    </ClCompile>
    <ClCompile Include="src\Electro\Core\Layer.cpp">
      <Filter>Electro\Core</Filter>
    </ClCompile>
    <ClCompile Include="src\Electro\Core\LayerStack.cpp">
      <Filter>Electro\Core</Filter>
    </ClCompile>
    <ClCompile Include="src\Electro\Core\Log.cpp">
      <Filter>Electro\Core</Filter>
    </ClCompile>
    <ClCompile Include="src\Electro\ImGui\ImGuiBuild.cpp">
      <Filter>Electro\ImGui</Filter>
    </ClCompile>
    <ClCompile Include="src\Electro\ImGui\ImGuiLayer.cpp">
      <Filter>Electro\ImGui</Filter>
    </ClCompile>
    <ClCompile Include="src\Electro\Platform\Windows\WindowsInput.cpp">
      <Filter>Electro\Platform\Windows</Filter>
    </ClCompile>
    <ClCompile Include="src\Electro\Platform\Windows\WindowsWindow.cpp">
      <Filter>Electro\Platform\Windows</Filter>
    </ClCompile>
    <ClCompile Include="src\elpch.cpp" />
    <ClCompile Include="src\Electro\Drivers\OpenGL\OpenGLContext.cpp" />
    <ClCompile Include="src\Electro\Platform\Windows\WindowsOpenGLContext.cpp" />
    <ClCompile Include="src\Electro\Servers\Renderer\Renderer.cpp" />
    <ClCompile Include="src\Electro\Drivers\OpenGL\OpenGLRenderer.cpp" />
    <ClCompile Include="src\Electro\Core\Math\Vector2.cpp" />
    <ClCompile Include="src\Electro\Core\Math\Vector3.cpp" />
    <ClCompile Include="src\Electro\Core\Math\Quaternion.cpp" />
    <ClCompile Include="src\Electro\Core\Math\Matrix4x4.cpp" />
    <ClCompile Include="src\Electro\Core\Math\Matrix3x3.cpp" />
    <ClCompile Include="src\Electro\Core\Math\SimpleVec.cpp" />
  </ItemGroup>
</Project>