<?xml version="1.0" encoding="utf-8"?>
<Project ToolsVersion="4.0" xmlns="http://schemas.microsoft.com/developer/msbuild/2003">
  <ItemGroup>
    <Filter Include="Electro">
      <UniqueIdentifier>{53127BC6-BFF1-F961-C809-8538346860C3}</UniqueIdentifier>
    </Filter>
    <Filter Include="Electro\Events">
      <UniqueIdentifier>{D782E053-C350-D459-ACE4-44809851B0BE}</UniqueIdentifier>
    </Filter>
    <Filter Include="Platform">
      <UniqueIdentifier>{2AC788B4-1694-E3BF-3FAD-D1672BD9184E}</UniqueIdentifier>
    </Filter>
    <Filter Include="Platform\Windows">
      <UniqueIdentifier>{64FBD71A-50F4-F66C-7926-DCF1657ED678}</UniqueIdentifier>
    </Filter>
  </ItemGroup>
  <ItemGroup>
    <ClInclude Include="src\Electro.h" />
    <ClInclude Include="src\Electro\Application.h">
      <Filter>Electro</Filter>
    </ClInclude>
    <ClInclude Include="src\Electro\Core.h">
      <Filter>Electro</Filter>
    </ClInclude>
    <ClInclude Include="src\Electro\EntryPoint.h">
      <Filter>Electro</Filter>
    </ClInclude>
    <ClInclude Include="src\Electro\Events\ApplicationEvent.h">
      <Filter>Electro\Events</Filter>
    </ClInclude>
    <ClInclude Include="src\Electro\Events\Event.h">
      <Filter>Electro\Events</Filter>
    </ClInclude>
    <ClInclude Include="src\Electro\Events\KeyEvent.h">
      <Filter>Electro\Events</Filter>
    </ClInclude>
    <ClInclude Include="src\Electro\Events\MouseEvent.h">
      <Filter>Electro\Events</Filter>
    </ClInclude>
    <ClInclude Include="src\Electro\Log.h">
      <Filter>Electro</Filter>
    </ClInclude>
    <ClInclude Include="src\Electro\Window.h">
      <Filter>Electro</Filter>
    </ClInclude>
    <ClInclude Include="src\Platform\Windows\WindowsWindow.h">
      <Filter>Platform\Windows</Filter>
    </ClInclude>
    <ClInclude Include="src\elpch.h" />
  </ItemGroup>
  <ItemGroup>
    <ClCompile Include="src\Electro\Application.cpp">
      <Filter>Electro</Filter>
    </ClCompile>
    <ClCompile Include="src\Electro\Log.cpp">
      <Filter>Electro</Filter>
    </ClCompile>
    <ClCompile Include="src\Platform\Windows\WindowsWindow.cpp">
      <Filter>Platform\Windows</Filter>
    </ClCompile>
    <ClCompile Include="src\elpch.cpp" />
  </ItemGroup>
</Project>